{
  "name": "Core",
  "lockfileVersion": 2,
  "requires": true,
  "packages": {
    "": {
      "dependencies": {
        "anychart": "^8.11.1"
      }
    },
    "node_modules/anychart": {
      "version": "8.11.1",
      "resolved": "https://registry.npmjs.org/anychart/-/anychart-8.11.1.tgz",
      "integrity": "sha512-c1dAzRiEp4UDmCb0FsPCkhGJqYc4UUF587sW6tgB1ghjhn0h07ScWg7SWvzB27DD821s/TKNhec6zEbROwMpyg=="
    }
  },
  "dependencies": {
    "anychart": {
      "version": "8.11.1",
      "resolved": "https://registry.npmjs.org/anychart/-/anychart-8.11.1.tgz",
      "integrity": "sha512-c1dAzRiEp4UDmCb0FsPCkhGJqYc4UUF587sW6tgB1ghjhn0h07ScWg7SWvzB27DD821s/TKNhec6zEbROwMpyg=="
    }
  }
}
